<?xml version="1.0" encoding="utf-8"?>
<Project ToolsVersion="4.0" xmlns="http://schemas.microsoft.com/developer/msbuild/2003">
  <ItemGroup>
    <Filter Include="Source Files">
      <UniqueIdentifier>{4FC737F1-C7A5-4376-A066-2A32D752A2FF}</UniqueIdentifier>
      <Extensions>cpp;c;cc;cxx;def;odl;idl;hpj;bat;asm;asmx</Extensions>
    </Filter>
    <Filter Include="Header Files">
      <UniqueIdentifier>{93995380-89BD-4b04-88EB-625FBE52EBFB}</UniqueIdentifier>
      <Extensions>h;hh;hpp;hxx;hm;inl;inc;xsd</Extensions>
    </Filter>
    <Filter Include="Resource Files">
      <UniqueIdentifier>{67DA6AB6-F800-4c08-8B7A-83BB121AAD01}</UniqueIdentifier>
      <Extensions>rc;ico;cur;bmp;dlg;rc2;rct;bin;rgs;gif;jpg;jpeg;jpe;resx;tiff;tif;png;wav;mfcribbon-ms</Extensions>
    </Filter>
    <Filter Include="Header Files\APP">
      <UniqueIdentifier>{eadd9737-12fe-41aa-bbfa-4f5ec2dc5ad7}</UniqueIdentifier>
    </Filter>
    <Filter Include="Source Files\APP">
      <UniqueIdentifier>{d00dc4d6-9391-45e5-9ea7-a4f3a2bbf1df}</UniqueIdentifier>
    </Filter>
    <Filter Include="Header Files\MISC">
      <UniqueIdentifier>{dabe6d42-12cb-4029-b923-23306038d2e4}</UniqueIdentifier>
    </Filter>
    <Filter Include="Source Files\MISC">
      <UniqueIdentifier>{e44dab49-867c-4887-aa47-46061c001924}</UniqueIdentifier>
    </Filter>
    <Filter Include="Header Files\D3D">
      <UniqueIdentifier>{a8ffae0d-be1e-4747-846a-99befc4594f2}</UniqueIdentifier>
    </Filter>
    <Filter Include="Source Files\D3D">
      <UniqueIdentifier>{7189cb93-fbb6-49b1-9627-960fe3fd8f84}</UniqueIdentifier>
    </Filter>
    <Filter Include="Header Files\BASE">
      <UniqueIdentifier>{1449122e-d874-49f0-b4d6-35c96f55924a}</UniqueIdentifier>
    </Filter>
    <Filter Include="Source Files\BASE">
      <UniqueIdentifier>{89d54cb0-799b-4f5c-b475-1b34da49c6ae}</UniqueIdentifier>
    </Filter>
    <Filter Include="Header Files\MANAGER">
      <UniqueIdentifier>{d9d34c87-dc14-4a09-a02b-ad0d8dfde522}</UniqueIdentifier>
    </Filter>
    <Filter Include="Header Files\GAMEOBJECT">
      <UniqueIdentifier>{fcc30eed-f705-488f-aa59-d88686f13b45}</UniqueIdentifier>
    </Filter>
    <Filter Include="Source Files\GAMEOBJECT">
      <UniqueIdentifier>{f412415a-a31f-44d8-8683-461ad37d7820}</UniqueIdentifier>
    </Filter>
    <Filter Include="Header Files\SYSTEM">
      <UniqueIdentifier>{255fb75b-5576-4d1a-ba67-91b685169017}</UniqueIdentifier>
    </Filter>
    <Filter Include="Source Files\SYSTEM">
      <UniqueIdentifier>{6f97f6fe-59be-490f-bdbd-c54eb075f370}</UniqueIdentifier>
    </Filter>
    <Filter Include="Header Files\COMPONENT">
      <UniqueIdentifier>{47883130-88a1-48a1-baac-1028122ad737}</UniqueIdentifier>
    </Filter>
    <Filter Include="Source Files\COMPONENT">
      <UniqueIdentifier>{8d827894-f36a-4da2-a814-5c206a655bba}</UniqueIdentifier>
    </Filter>
    <Filter Include="Header Files\UI">
      <UniqueIdentifier>{4be850c7-9a1d-43b0-b805-764b0dc50bbd}</UniqueIdentifier>
    </Filter>
    <Filter Include="Source Files\UI">
      <UniqueIdentifier>{f9ecc26a-35eb-4446-904e-1f51e8c6b3a9}</UniqueIdentifier>
    </Filter>
    <Filter Include="Header Files\GRAPHICS">
      <UniqueIdentifier>{51550af7-679e-44bf-b18d-6085283c4de3}</UniqueIdentifier>
    </Filter>
    <Filter Include="Source Files\GRAPHICS">
      <UniqueIdentifier>{7e67f10c-b7b6-4091-9092-641d91c87527}</UniqueIdentifier>
    </Filter>
    <Filter Include="Header Files\SHADERS">
      <UniqueIdentifier>{21870a3e-7b8b-4c38-be3c-16634c954f8b}</UniqueIdentifier>
    </Filter>
    <Filter Include="Header Files\SHADERS\shaders">
      <UniqueIdentifier>{21abb7be-81a8-4d2e-ace1-472613aa0f9f}</UniqueIdentifier>
    </Filter>
    <Filter Include="Source Files\SHADERS">
      <UniqueIdentifier>{fd1cb5e4-a81e-454d-bf6d-357faa644cfd}</UniqueIdentifier>
    </Filter>
    <Filter Include="Source Files\MANAGER">
      <UniqueIdentifier>{f7d04775-fd9d-4e8e-9e06-3d41426637ea}</UniqueIdentifier>
    </Filter>
  </ItemGroup>
  <ItemGroup>
    <ClInclude Include="Base\GameObject.h">
      <Filter>Header Files\BASE</Filter>
    </ClInclude>
    <ClInclude Include="Base\Component.h">
      <Filter>Header Files\BASE</Filter>
    </ClInclude>
    <ClInclude Include="Base\Mesh.h">
      <Filter>Header Files\BASE</Filter>
    </ClInclude>
    <ClInclude Include="Gameobject\Camera.h">
      <Filter>Header Files\GAMEOBJECT</Filter>
    </ClInclude>
    <ClInclude Include="Gameobject\Cube.h">
      <Filter>Header Files\GAMEOBJECT</Filter>
    </ClInclude>
    <ClInclude Include="Gameobject\Skydome.h">
      <Filter>Header Files\GAMEOBJECT</Filter>
    </ClInclude>
    <ClInclude Include="Gameobject\InstancedCube.h">
      <Filter>Header Files\GAMEOBJECT</Filter>
    </ClInclude>
    <ClInclude Include="System\CameraMovementSystem.h">
      <Filter>Header Files\SYSTEM</Filter>
    </ClInclude>
    <ClInclude Include="System\RenderingSystem.h">
      <Filter>Header Files\SYSTEM</Filter>
    </ClInclude>
    <ClInclude Include="Base\Prefab.h">
      <Filter>Header Files\BASE</Filter>
    </ClInclude>
    <ClInclude Include="Component\InstancingMesh.h">
      <Filter>Header Files\COMPONENT</Filter>
    </ClInclude>
    <ClInclude Include="Component\ModelMesh.h">
      <Filter>Header Files\COMPONENT</Filter>
    </ClInclude>
    <ClInclude Include="Component\Renderer.h">
      <Filter>Header Files\COMPONENT</Filter>
    </ClInclude>
    <ClInclude Include="Component\Transform.h">
      <Filter>Header Files\COMPONENT</Filter>
    </ClInclude>
    <ClInclude Include="MISC\Enums.h">
      <Filter>Header Files\MISC</Filter>
    </ClInclude>
    <ClInclude Include="Shaders\TextureShaderInstanced.h">
      <Filter>Header Files\SHADERS</Filter>
    </ClInclude>
    <ClInclude Include="Graphics\MiniMap.h">
      <Filter>Header Files\GRAPHICS</Filter>
    </ClInclude>
    <ClInclude Include="Graphics\DebugWindow.h">
      <Filter>Header Files\GRAPHICS</Filter>
    </ClInclude>
    <ClInclude Include="Graphics\RenderTexture.h">
      <Filter>Header Files\GRAPHICS</Filter>
    </ClInclude>
    <ClInclude Include="Component\Light.h">
      <Filter>Header Files\COMPONENT</Filter>
    </ClInclude>
    <ClInclude Include="Gameobject\DirectionalLight.h">
      <Filter>Header Files\GAMEOBJECT</Filter>
    </ClInclude>
    <ClInclude Include="Shaders\MultipleShadowShader.h">
      <Filter>Header Files\SHADERS</Filter>
    </ClInclude>
    <ClInclude Include="App\System.h">
      <Filter>Header Files\APP</Filter>
    </ClInclude>
    <ClInclude Include="App\Application.h">
      <Filter>Header Files\APP</Filter>
    </ClInclude>
    <ClInclude Include="MISC\Input.h">
      <Filter>Header Files\MISC</Filter>
    </ClInclude>
    <ClInclude Include="MISC\Timer.h">
      <Filter>Header Files\MISC</Filter>
    </ClInclude>
    <ClInclude Include="MISC\Fps.h">
      <Filter>Header Files\MISC</Filter>
    </ClInclude>
    <ClInclude Include="Scene.h">
      <Filter>Header Files</Filter>
    </ClInclude>
    <ClInclude Include="D3D\D3D.h">
      <Filter>Header Files\D3D</Filter>
    </ClInclude>
    <ClInclude Include="Manager\ShaderManager.h">
      <Filter>Header Files\MANAGER</Filter>
    </ClInclude>
    <ClInclude Include="Manager\TextureManager.h">
      <Filter>Header Files\MANAGER</Filter>
    </ClInclude>
    <ClInclude Include="Graphics\Texture.h">
      <Filter>Header Files\GRAPHICS</Filter>
    </ClInclude>
    <ClInclude Include="Graphics\Bitmap.h">
      <Filter>Header Files\GRAPHICS</Filter>
    </ClInclude>
    <ClInclude Include="Graphics\Font.h">
      <Filter>Header Files\GRAPHICS</Filter>
    </ClInclude>
    <ClInclude Include="Graphics\Text.h">
      <Filter>Header Files\GRAPHICS</Filter>
    </ClInclude>
    <ClInclude Include="UI\UserInterface.h">
      <Filter>Header Files\UI</Filter>
    </ClInclude>
    <ClInclude Include="Shaders\ColorShader.h">
      <Filter>Header Files\SHADERS</Filter>
    </ClInclude>
    <ClInclude Include="Shaders\DepthShader.h">
      <Filter>Header Files\SHADERS</Filter>
    </ClInclude>
    <ClInclude Include="Shaders\FontShader.h">
      <Filter>Header Files\SHADERS</Filter>
    </ClInclude>
    <ClInclude Include="Shaders\LightShader.h">
      <Filter>Header Files\SHADERS</Filter>
    </ClInclude>
    <ClInclude Include="Shaders\ShadowShader.h">
      <Filter>Header Files\SHADERS</Filter>
    </ClInclude>
    <ClInclude Include="Shaders\SkyDomeShader.h">
      <Filter>Header Files\SHADERS</Filter>
    </ClInclude>
    <ClInclude Include="Shaders\TerrainShader.h">
      <Filter>Header Files\SHADERS</Filter>
    </ClInclude>
    <ClInclude Include="Shaders\TextureShader.h">
      <Filter>Header Files\SHADERS</Filter>
    </ClInclude>
    <ClInclude Include="Graphics\LightInfo.h">
      <Filter>Header Files\GRAPHICS</Filter>
    </ClInclude>
    <ClInclude Include="Component\TerrainCell.h">
      <Filter>Header Files\COMPONENT</Filter>
    </ClInclude>
    <ClInclude Include="Gameobject\Terrain.h">
      <Filter>Header Files\GAMEOBJECT</Filter>
    </ClInclude>
    <ClInclude Include="Graphics\Frustum.h">
      <Filter>Header Files\GRAPHICS</Filter>
    </ClInclude>
    <ClInclude Include="MISC\MessageAlert.h">
      <Filter>Header Files\MISC</Filter>
    </ClInclude>
    <ClInclude Include="System\UserInputSystem.h">
      <Filter>Header Files\SYSTEM</Filter>
    </ClInclude>
  </ItemGroup>
  <ItemGroup>
    <ClCompile Include="Base\GameObject.cpp">
      <Filter>Source Files\BASE</Filter>
    </ClCompile>
    <ClCompile Include="Base\Component.cpp">
      <Filter>Source Files\BASE</Filter>
    </ClCompile>
    <ClCompile Include="Base\Mesh.cpp">
      <Filter>Source Files\BASE</Filter>
    </ClCompile>
    <ClCompile Include="Gameobject\Camera.cpp">
      <Filter>Source Files\GAMEOBJECT</Filter>
    </ClCompile>
    <ClCompile Include="Gameobject\Cube.cpp">
      <Filter>Source Files\GAMEOBJECT</Filter>
    </ClCompile>
    <ClCompile Include="Gameobject\Skydome.cpp">
      <Filter>Source Files\GAMEOBJECT</Filter>
    </ClCompile>
    <ClCompile Include="Gameobject\InstancedCube.cpp">
      <Filter>Source Files\GAMEOBJECT</Filter>
    </ClCompile>
    <ClCompile Include="System\CameraMovementSystem.cpp">
      <Filter>Source Files\SYSTEM</Filter>
    </ClCompile>
    <ClCompile Include="System\RenderingSystem.cpp">
      <Filter>Source Files\SYSTEM</Filter>
    </ClCompile>
    <ClCompile Include="Base\Prefab.cpp">
      <Filter>Source Files\BASE</Filter>
    </ClCompile>
    <ClCompile Include="Component\InstancingMesh.cpp">
      <Filter>Source Files\COMPONENT</Filter>
    </ClCompile>
    <ClCompile Include="Component\ModelMesh.cpp">
      <Filter>Source Files\COMPONENT</Filter>
    </ClCompile>
    <ClCompile Include="Component\Renderer.cpp">
      <Filter>Source Files\COMPONENT</Filter>
    </ClCompile>
    <ClCompile Include="Component\Transform.cpp">
      <Filter>Source Files\COMPONENT</Filter>
    </ClCompile>
    <ClCompile Include="Shaders\TextureShaderInstanced.cpp">
      <Filter>Source Files\SHADERS</Filter>
    </ClCompile>
    <ClCompile Include="Graphics\MiniMap.cpp">
      <Filter>Source Files\GRAPHICS</Filter>
    </ClCompile>
    <ClCompile Include="main.cpp">
      <Filter>Source Files</Filter>
    </ClCompile>
    <ClCompile Include="Graphics\DebugWindow.cpp">
      <Filter>Source Files\GRAPHICS</Filter>
    </ClCompile>
    <ClCompile Include="Graphics\RenderTexture.cpp">
      <Filter>Source Files\GRAPHICS</Filter>
    </ClCompile>
    <ClCompile Include="Component\Light.cpp">
      <Filter>Source Files\COMPONENT</Filter>
    </ClCompile>
    <ClCompile Include="Gameobject\DirectionalLight.cpp">
      <Filter>Source Files\GAMEOBJECT</Filter>
    </ClCompile>
    <ClCompile Include="Shaders\MultipleShadowShader.cpp">
      <Filter>Source Files\SHADERS</Filter>
    </ClCompile>
    <ClCompile Include="App\System.cpp">
      <Filter>Source Files\APP</Filter>
    </ClCompile>
    <ClCompile Include="App\Application.cpp">
      <Filter>Source Files\APP</Filter>
    </ClCompile>
    <ClCompile Include="MISC\Input.cpp">
      <Filter>Source Files\MISC</Filter>
    </ClCompile>
    <ClCompile Include="MISC\Timer.cpp">
      <Filter>Source Files\MISC</Filter>
    </ClCompile>
    <ClCompile Include="Scene.cpp">
      <Filter>Source Files</Filter>
    </ClCompile>
    <ClCompile Include="D3D\D3D.cpp">
      <Filter>Source Files\D3D</Filter>
    </ClCompile>
    <ClCompile Include="Manager\ShaderManager.cpp">
      <Filter>Source Files\MANAGER</Filter>
    </ClCompile>
    <ClCompile Include="Manager\TextureManager.cpp">
      <Filter>Source Files\MANAGER</Filter>
    </ClCompile>
    <ClCompile Include="Graphics\Bitmap.cpp">
      <Filter>Source Files\GRAPHICS</Filter>
    </ClCompile>
    <ClCompile Include="Graphics\Font.cpp">
      <Filter>Source Files\GRAPHICS</Filter>
    </ClCompile>
    <ClCompile Include="MISC\Fps.cpp">
      <Filter>Source Files\MISC</Filter>
    </ClCompile>
    <ClCompile Include="Graphics\Text.cpp">
      <Filter>Source Files\GRAPHICS</Filter>
    </ClCompile>
    <ClCompile Include="Graphics\Texture.cpp">
      <Filter>Source Files\GRAPHICS</Filter>
    </ClCompile>
    <ClCompile Include="UI\UserInterface.cpp">
      <Filter>Source Files\UI</Filter>
    </ClCompile>
    <ClCompile Include="Shaders\ColorShader.cpp">
      <Filter>Source Files\SHADERS</Filter>
    </ClCompile>
    <ClCompile Include="Shaders\DepthShader.cpp">
      <Filter>Source Files\SHADERS</Filter>
    </ClCompile>
    <ClCompile Include="Shaders\FontShader.cpp">
      <Filter>Source Files\SHADERS</Filter>
    </ClCompile>
    <ClCompile Include="Shaders\LightShader.cpp">
      <Filter>Source Files\SHADERS</Filter>
    </ClCompile>
    <ClCompile Include="Shaders\ShadowShader.cpp">
      <Filter>Source Files\SHADERS</Filter>
    </ClCompile>
    <ClCompile Include="Shaders\SkyDomeShader.cpp">
      <Filter>Source Files\SHADERS</Filter>
    </ClCompile>
    <ClCompile Include="Shaders\TerrainShader.cpp">
      <Filter>Source Files\SHADERS</Filter>
    </ClCompile>
    <ClCompile Include="Shaders\TextureShader.cpp">
      <Filter>Source Files\SHADERS</Filter>
    </ClCompile>
    <ClCompile Include="Graphics\LightInfo.cpp">
      <Filter>Source Files\GRAPHICS</Filter>
    </ClCompile>
    <ClCompile Include="Component\TerrainCell.cpp">
      <Filter>Source Files\COMPONENT</Filter>
    </ClCompile>
    <ClCompile Include="Gameobject\Terrain.cpp">
      <Filter>Source Files\GAMEOBJECT</Filter>
    </ClCompile>
    <ClCompile Include="Graphics\Frustum.cpp">
      <Filter>Source Files\GRAPHICS</Filter>
    </ClCompile>
    <ClCompile Include="MISC\MessageAlert.cpp">
      <Filter>Source Files\MISC</Filter>
    </ClCompile>
    <ClCompile Include="System\UserInputSystem.cpp">
      <Filter>Source Files\SYSTEM</Filter>
    </ClCompile>
  </ItemGroup>
  <ItemGroup>
    <None Include="Shaders\shaders\bumpmap.ps">
      <Filter>Header Files\SHADERS\shaders</Filter>
    </None>
    <None Include="Shaders\shaders\bumpmap.vs">
      <Filter>Header Files\SHADERS\shaders</Filter>
    </None>
    <None Include="Shaders\shaders\color.ps">
      <Filter>Header Files\SHADERS\shaders</Filter>
    </None>
    <None Include="Shaders\shaders\color.vs">
      <Filter>Header Files\SHADERS\shaders</Filter>
    </None>
    <None Include="Shaders\shaders\font.ps">
      <Filter>Header Files\SHADERS\shaders</Filter>
    </None>
    <None Include="Shaders\shaders\font.vs">
      <Filter>Header Files\SHADERS\shaders</Filter>
    </None>
    <None Include="Shaders\shaders\light.ps">
      <Filter>Header Files\SHADERS\shaders</Filter>
    </None>
    <None Include="Shaders\shaders\light.vs">
      <Filter>Header Files\SHADERS\shaders</Filter>
    </None>
    <None Include="Shaders\shaders\multitexture.ps">
      <Filter>Header Files\SHADERS\shaders</Filter>
    </None>
    <None Include="Shaders\shaders\multitexture.vs">
      <Filter>Header Files\SHADERS\shaders</Filter>
    </None>
    <None Include="Shaders\shaders\skydome.ps">
      <Filter>Header Files\SHADERS\shaders</Filter>
    </None>
    <None Include="Shaders\shaders\skydome.vs">
      <Filter>Header Files\SHADERS\shaders</Filter>
    </None>
    <None Include="Shaders\shaders\terrain.ps">
      <Filter>Header Files\SHADERS\shaders</Filter>
    </None>
    <None Include="Shaders\shaders\terrain.vs">
      <Filter>Header Files\SHADERS\shaders</Filter>
    </None>
    <None Include="Shaders\shaders\texture.ps">
      <Filter>Header Files\SHADERS\shaders</Filter>
    </None>
    <None Include="Shaders\shaders\texture.vs">
      <Filter>Header Files\SHADERS\shaders</Filter>
    </None>
    <None Include="Shaders\shaders\textureInstanced.vs">
      <Filter>Header Files\SHADERS\shaders</Filter>
    </None>
    <None Include="Shaders\shaders\depth.ps">
      <Filter>Header Files\SHADERS\shaders</Filter>
    </None>
    <None Include="Shaders\shaders\depth.vs">
      <Filter>Header Files\SHADERS\shaders</Filter>
    </None>
    <None Include="Shaders\shaders\shadow.ps">
      <Filter>Header Files\SHADERS\shaders</Filter>
    </None>
    <None Include="Shaders\shaders\shadow.vs">
      <Filter>Header Files\SHADERS\shaders</Filter>
    </None>
    <None Include="Shaders\shaders\multipleShadow.ps">
      <Filter>Header Files\SHADERS\shaders</Filter>
    </None>
    <None Include="Shaders\shaders\multipleShadow.vs">
      <Filter>Header Files\SHADERS\shaders</Filter>
    </None>
  </ItemGroup>
</Project>